<Solution>
  <Project Path="../WavelengthUnitTest/WavelengthUnitTest.csproj" Id="c6d845f8-85cf-42fd-8c3d-4580be3cea01" />
  <Project Path="Commons/Commons.csproj" Id="cd51d7d9-2de1-4165-9c44-e9765024181e" />
  <Project Path="docker-compose.dcproj">
    <Build />
  </Project>
  <Project Path="Wavelength/Wavelength.csproj" />
</Solution>
